
Microsoft Visual Studio Solution File, Format Version 12.00
# Visual Studio Version 16
VisualStudioVersion = 16.0.32901.82
MinimumVisualStudioVersion = 10.0.40219.1
Project("{FAE04EC0-301F-11D3-BF4B-00C04F79EFBC}") = "Login", "Login\Login.csproj", "{7886C45E-9C7D-42E1-BFC6-AD5EDB387E0D}"
EndProject
Global
	GlobalSection(SolutionConfigurationPlatforms) = preSolution
		Debug|Any CPU = Debug|Any CPU
		Release|Any CPU = Release|Any CPU
	EndGlobalSection
	GlobalSection(ProjectConfigurationPlatforms) = postSolution
		{7886C45E-9C7D-42E1-BFC6-AD5EDB387E0D}.Debug|Any CPU.ActiveCfg = Debug|Any CPU
		{7886C45E-9C7D-42E1-BFC6-AD5EDB387E0D}.Debug|Any CPU.Build.0 = Debug|Any CPU
		{7886C45E-9C7D-42E1-BFC6-AD5EDB387E0D}.Release|Any CPU.ActiveCfg = Release|Any CPU
		{7886C45E-9C7D-42E1-BFC6-AD5EDB387E0D}.Release|Any CPU.Build.0 = Release|Any CPU
	EndGlobalSection
	GlobalSection(SolutionProperties) = preSolution
		HideSolutionNode = FALSE
	EndGlobalSection
	GlobalSection(ExtensibilityGlobals) = postSolution
		SolutionGuid = {A4BFD72C-EC79-488A-8645-EB6CBD6BE5AF}
	EndGlobalSection
EndGlobal
